
Microsoft Visual Studio Solution File, Format Version 12.00
# Visual Studio Version 17
VisualStudioVersion = 17.11.35222.181
MinimumVisualStudioVersion = 10.0.40219.1
Project("{FAE04EC0-301F-11D3-BF4B-00C04F79EFBC}") = "Week15OOPAndFiles", "Week15OOPAndFiles\Week15OOPAndFiles.csproj", "{26E8E374-29EF-4B7E-BBC7-A1ABE53707E5}"
EndProject
Global
	GlobalSection(SolutionConfigurationPlatforms) = preSolution
		Debug|Any CPU = Debug|Any CPU
		Release|Any CPU = Release|Any CPU
	EndGlobalSection
	GlobalSection(ProjectConfigurationPlatforms) = postSolution
		{26E8E374-29EF-4B7E-BBC7-A1ABE53707E5}.Debug|Any CPU.ActiveCfg = Debug|Any CPU
		{26E8E374-29EF-4B7E-BBC7-A1ABE53707E5}.Debug|Any CPU.Build.0 = Debug|Any CPU
		{26E8E374-29EF-4B7E-BBC7-A1ABE53707E5}.Release|Any CPU.ActiveCfg = Release|Any CPU
		{26E8E374-29EF-4B7E-BBC7-A1ABE53707E5}.Release|Any CPU.Build.0 = Release|Any CPU
	EndGlobalSection
	GlobalSection(SolutionProperties) = preSolution
		HideSolutionNode = FALSE
	EndGlobalSection
	GlobalSection(ExtensibilityGlobals) = postSolution
		SolutionGuid = {86592A86-1EF1-48E2-8DA4-B1AC6009C5E2}
	EndGlobalSection
EndGlobal
